
Microsoft Visual Studio Solution File, Format Version 12.00
# Visual Studio 15
VisualStudioVersion = 15.0.27703.2018
MinimumVisualStudioVersion = 10.0.40219.1
Project("{FAE04EC0-301F-11D3-BF4B-00C04F79EFBC}") = "HAlerts", "HAlerts\HAlerts.csproj", "{D1FB9BD7-B4F4-4805-9D14-E097325488BA}"
EndProject
Global
	GlobalSection(SolutionConfigurationPlatforms) = preSolution
		Debug|Any CPU = Debug|Any CPU
		Release|Any CPU = Release|Any CPU
	EndGlobalSection
	GlobalSection(ProjectConfigurationPlatforms) = postSolution
		{D1FB9BD7-B4F4-4805-9D14-E097325488BA}.Debug|Any CPU.ActiveCfg = Debug|Any CPU
		{D1FB9BD7-B4F4-4805-9D14-E097325488BA}.Debug|Any CPU.Build.0 = Debug|Any CPU
		{D1FB9BD7-B4F4-4805-9D14-E097325488BA}.Release|Any CPU.ActiveCfg = Release|Any CPU
		{D1FB9BD7-B4F4-4805-9D14-E097325488BA}.Release|Any CPU.Build.0 = Release|Any CPU
	EndGlobalSection
	GlobalSection(SolutionProperties) = preSolution
		HideSolutionNode = FALSE
	EndGlobalSection
	GlobalSection(ExtensibilityGlobals) = postSolution
		SolutionGuid = {BD5B6F8F-A314-4902-9746-66F49D28199A}
	EndGlobalSection
EndGlobal
